id: 356e13de-7d2f-4a46-8428-95b79e97f8d7
title:
  ru: "Coding Challenges"
  en: "Coding Challenges"
description:
  ru: "Задачи с автоматической проверкой: тесты, вердикт, подсказки"
  en: "Tasks with automatic grading: tests, verdict, hints"

lessons:
  - basic-challenge
  - challenge-with-hints
  - sql-challenge
