id: 5aac9c06-bff1-4e23-958d-4e9e59b043f0
title:
  ru: "Расширенные mode: vet, race, lint, bench"
  en: "Advanced Modes: vet, race, lint, bench"
description:
  ru: "Проверка идиоматичности, конкурентности и производительности кода"
  en: "Checking code idioms, concurrency, and performance"

lessons:
  - vet-and-lint
  - race-detector
  - benchmarks
