id: b8f90bd3-a1e2-4067-90e7-fe0e2629ed38
title:
  ru: "Playground — основы"
  en: "Playground — Basics"
description:
  ru: "Песочница: запуск кода, мультифайл, выбор языка и версии"
  en: "Sandbox: running code, multi-file, language and version selection"

lessons:
  - hello-playground
  - multi-file
  - language-versions

test:
  question_count: 3
  pass_threshold: 0.7
  prefer_failed: true
